
Microsoft Visual Studio Solution File, Format Version 12.00
# Visual Studio Version 16
VisualStudioVersion = 16.0.30330.147
MinimumVisualStudioVersion = 10.0.40219.1
Project("{FAE04EC0-301F-11D3-BF4B-00C04F79EFBC}") = "PLUtil", "PLUtil.csproj", "{ED09CE19-EFE1-4FC6-84DC-FC4583DBD8E4}"
EndProject
Global
	GlobalSection(SolutionConfigurationPlatforms) = preSolution
		Debug|Any CPU = Debug|Any CPU
		Release|Any CPU = Release|Any CPU
	EndGlobalSection
	GlobalSection(ProjectConfigurationPlatforms) = postSolution
		{ED09CE19-EFE1-4FC6-84DC-FC4583DBD8E4}.Debug|Any CPU.ActiveCfg = Debug|Any CPU
		{ED09CE19-EFE1-4FC6-84DC-FC4583DBD8E4}.Debug|Any CPU.Build.0 = Debug|Any CPU
		{ED09CE19-EFE1-4FC6-84DC-FC4583DBD8E4}.Release|Any CPU.ActiveCfg = Release|Any CPU
		{ED09CE19-EFE1-4FC6-84DC-FC4583DBD8E4}.Release|Any CPU.Build.0 = Release|Any CPU
	EndGlobalSection
	GlobalSection(SolutionProperties) = preSolution
		HideSolutionNode = FALSE
	EndGlobalSection
	GlobalSection(ExtensibilityGlobals) = postSolution
		SolutionGuid = {7285CB76-846D-413A-A6CD-F1CF6A689E31}
	EndGlobalSection
EndGlobal
